{
  "name": "anteprojecto",
  "lockfileVersion": 3,
  "requires": true,
  "packages": {
    "": {
      "dependencies": {
        "sv": "^0.6.5"
      }
    },
    "node_modules/sv": {
      "version": "0.6.5",
      "resolved": "https://registry.npmjs.org/sv/-/sv-0.6.5.tgz",
      "integrity": "sha512-zd2Ja0HKNlmg+gWjAw9ziS0ShAiAx8nFE4tfbIeaXoQ3vq84PEKh5GvKr3dZdVRgyKT6q2V1rb+yrhpF+S5LjA==",
      "license": "MIT",
      "bin": {
        "sv": "dist/bin.js"
      }
    }
  }
}
